# This file is automatically @generated by Cargo.
# It is not intended for manual editing.
[[package]]
name = "concat-string"
version = "1.0.1"
source = "registry+https://github.com/rust-lang/crates.io-index"
checksum = "7439becb5fafc780b6f4de382b1a7a3e70234afe783854a4702ee8adbb838609"

[[package]]
name = "find-winsdk"
version = "0.2.0"
source = "registry+https://github.com/rust-lang/crates.io-index"
checksum = "a8cbf17b871570c1f8612b763bac3e86290602bcf5dc3c5ce657e0e1e9071d9e"
dependencies = [
 "serde",
 "serde_derive",
 "winreg",
]

[[package]]
name = "potions_balance"
version = "0.1.0"
dependencies = [
 "find-winsdk",
 "winapi",
 "windres",
]

[[package]]
name = "proc-macro2"
version = "1.0.9"
source = "registry+https://github.com/rust-lang/crates.io-index"
checksum = "6c09721c6781493a2a492a96b5a5bf19b65917fe6728884e7c44dd0c60ca3435"
dependencies = [
 "unicode-xid",
]

[[package]]
name = "quote"
version = "1.0.3"
source = "registry+https://github.com/rust-lang/crates.io-index"
checksum = "2bdc6c187c65bca4260c9011c9e3132efe4909da44726bad24cf7572ae338d7f"
dependencies = [
 "proc-macro2",
]

[[package]]
name = "serde"
version = "1.0.105"
source = "registry+https://github.com/rust-lang/crates.io-index"
checksum = "e707fbbf255b8fc8c3b99abb91e7257a622caeb20a9818cbadbeeede4e0932ff"

[[package]]
name = "serde_derive"
version = "1.0.105"
source = "registry+https://github.com/rust-lang/crates.io-index"
checksum = "ac5d00fc561ba2724df6758a17de23df5914f20e41cb00f94d5b7ae42fffaff8"
dependencies = [
 "proc-macro2",
 "quote",
 "syn",
]

[[package]]
name = "syn"
version = "1.0.17"
source = "registry+https://github.com/rust-lang/crates.io-index"
checksum = "0df0eb663f387145cab623dea85b09c2c5b4b0aef44e945d928e682fce71bb03"
dependencies = [
 "proc-macro2",
 "quote",
 "unicode-xid",
]

[[package]]
name = "unicode-xid"
version = "0.2.0"
source = "registry+https://github.com/rust-lang/crates.io-index"
checksum = "826e7639553986605ec5979c7dd957c7895e93eabed50ab2ffa7f6128a75097c"

[[package]]
name = "winapi"
version = "0.3.8"
source = "registry+https://github.com/rust-lang/crates.io-index"
checksum = "8093091eeb260906a183e6ae1abdba2ef5ef2257a21801128899c3fc699229c6"
dependencies = [
 "winapi-i686-pc-windows-gnu",
 "winapi-x86_64-pc-windows-gnu",
]

[[package]]
name = "winapi-i686-pc-windows-gnu"
version = "0.4.0"
source = "registry+https://github.com/rust-lang/crates.io-index"
checksum = "ac3b87c63620426dd9b991e5ce0329eff545bccbbb34f3be09ff6fb6ab51b7b6"

[[package]]
name = "winapi-x86_64-pc-windows-gnu"
version = "0.4.0"
source = "registry+https://github.com/rust-lang/crates.io-index"
checksum = "712e227841d057c1ee1cd2fb22fa7e5a5461ae8e48fa2ca79ec42cfc1931183f"

[[package]]
name = "windres"
version = "0.2.1"
source = "registry+https://github.com/rust-lang/crates.io-index"
checksum = "dd6e13ff705d7fab032bdf857354035c56c8c889e364029e4300779eb6e1d729"
dependencies = [
 "concat-string",
 "find-winsdk",
]

[[package]]
name = "winreg"
version = "0.5.1"
source = "registry+https://github.com/rust-lang/crates.io-index"
checksum = "a27a759395c1195c4cc5cda607ef6f8f6498f64e78f7900f5de0a127a424704a"
dependencies = [
 "serde",
 "winapi",
]
